
Microsoft Visual Studio Solution File, Format Version 12.00
# Visual Studio Version 17
VisualStudioVersion = 17.2.32630.192
MinimumVisualStudioVersion = 10.0.40219.1
Project("{FAE04EC0-301F-11D3-BF4B-00C04F79EFBC}") = "TechSense", "TechSense\TechSense.csproj", "{5980D85D-4434-41DB-9199-3E83B5CDE372}"
EndProject
Global
	GlobalSection(SolutionConfigurationPlatforms) = preSolution
		Debug|Any CPU = Debug|Any CPU
		Release|Any CPU = Release|Any CPU
	EndGlobalSection
	GlobalSection(ProjectConfigurationPlatforms) = postSolution
		{5980D85D-4434-41DB-9199-3E83B5CDE372}.Debug|Any CPU.ActiveCfg = Debug|Any CPU
		{5980D85D-4434-41DB-9199-3E83B5CDE372}.Debug|Any CPU.Build.0 = Debug|Any CPU
		{5980D85D-4434-41DB-9199-3E83B5CDE372}.Release|Any CPU.ActiveCfg = Release|Any CPU
		{5980D85D-4434-41DB-9199-3E83B5CDE372}.Release|Any CPU.Build.0 = Release|Any CPU
	EndGlobalSection
	GlobalSection(SolutionProperties) = preSolution
		HideSolutionNode = FALSE
	EndGlobalSection
	GlobalSection(ExtensibilityGlobals) = postSolution
		SolutionGuid = {136A0EE7-860F-46D2-82B9-9D784366DA20}
	EndGlobalSection
EndGlobal
